
Microsoft Visual Studio Solution File, Format Version 12.00
# Visual Studio Version 17
VisualStudioVersion = 17.4.33205.214
MinimumVisualStudioVersion = 10.0.40219.1
Project("{888888A0-9F3D-457C-B088-3A5042F75D52}") = "FileDownloader", "FileDownloader\FileDownloader.pyproj", "{DE9D3EC1-DACB-45AE-803F-1074E6F2B58B}"
EndProject
Global
	GlobalSection(SolutionConfigurationPlatforms) = preSolution
		Debug|Any CPU = Debug|Any CPU
		Release|Any CPU = Release|Any CPU
	EndGlobalSection
	GlobalSection(ProjectConfigurationPlatforms) = postSolution
		{DE9D3EC1-DACB-45AE-803F-1074E6F2B58B}.Debug|Any CPU.ActiveCfg = Debug|Any CPU
		{DE9D3EC1-DACB-45AE-803F-1074E6F2B58B}.Release|Any CPU.ActiveCfg = Release|Any CPU
	EndGlobalSection
	GlobalSection(SolutionProperties) = preSolution
		HideSolutionNode = FALSE
	EndGlobalSection
	GlobalSection(ExtensibilityGlobals) = postSolution
		SolutionGuid = {DA5B4F2D-1DF1-492C-B730-F6AFF12D8826}
	EndGlobalSection
EndGlobal
